
Microsoft Visual Studio Solution File, Format Version 12.00
# Visual Studio Version 17
VisualStudioVersion = 17.13.35806.99 d17.13
MinimumVisualStudioVersion = 10.0.40219.1
Project("{8BC9CEB8-8B4A-11D0-8D11-00A0C91BC942}") = "Flappy_Doge", "Flappy_Doge.vcxproj", "{527B9A2D-A0EF-4AA6-88AA-2EB8C3DCEEFE}"
EndProject
Global
	GlobalSection(SolutionConfigurationPlatforms) = preSolution
		Debug|x64 = Debug|x64
		Debug|x86 = Debug|x86
		Release|x64 = Release|x64
		Release|x86 = Release|x86
	EndGlobalSection
	GlobalSection(ProjectConfigurationPlatforms) = postSolution
		{527B9A2D-A0EF-4AA6-88AA-2EB8C3DCEEFE}.Debug|x64.ActiveCfg = Debug|x64
		{527B9A2D-A0EF-4AA6-88AA-2EB8C3DCEEFE}.Debug|x64.Build.0 = Debug|x64
		{527B9A2D-A0EF-4AA6-88AA-2EB8C3DCEEFE}.Debug|x86.ActiveCfg = Debug|Win32
		{527B9A2D-A0EF-4AA6-88AA-2EB8C3DCEEFE}.Debug|x86.Build.0 = Debug|Win32
		{527B9A2D-A0EF-4AA6-88AA-2EB8C3DCEEFE}.Release|x64.ActiveCfg = Release|x64
		{527B9A2D-A0EF-4AA6-88AA-2EB8C3DCEEFE}.Release|x64.Build.0 = Release|x64
		{527B9A2D-A0EF-4AA6-88AA-2EB8C3DCEEFE}.Release|x86.ActiveCfg = Release|Win32
		{527B9A2D-A0EF-4AA6-88AA-2EB8C3DCEEFE}.Release|x86.Build.0 = Release|Win32
	EndGlobalSection
	GlobalSection(SolutionProperties) = preSolution
		HideSolutionNode = FALSE
	EndGlobalSection
	GlobalSection(ExtensibilityGlobals) = postSolution
		SolutionGuid = {3A7E70C1-0524-4006-8CD4-31A43B0B0AD6}
	EndGlobalSection
EndGlobal
